
Microsoft Visual Studio Solution File, Format Version 12.00
# Visual Studio Version 17
VisualStudioVersion = 17.2.32516.85
MinimumVisualStudioVersion = 10.0.40219.1
Project("{FAE04EC0-301F-11D3-BF4B-00C04F79EFBC}") = "CurrencyToWordConverter.Server.API", "CurrencyToWordConverter.Server.API\CurrencyToWordConverter.Server.API.csproj", "{6E7EF12C-EDB2-4C50-AA13-5E64199DA8C2}"
EndProject
Global
	GlobalSection(SolutionConfigurationPlatforms) = preSolution
		Debug|Any CPU = Debug|Any CPU
		Release|Any CPU = Release|Any CPU
	EndGlobalSection
	GlobalSection(ProjectConfigurationPlatforms) = postSolution
		{6E7EF12C-EDB2-4C50-AA13-5E64199DA8C2}.Debug|Any CPU.ActiveCfg = Debug|Any CPU
		{6E7EF12C-EDB2-4C50-AA13-5E64199DA8C2}.Debug|Any CPU.Build.0 = Debug|Any CPU
		{6E7EF12C-EDB2-4C50-AA13-5E64199DA8C2}.Release|Any CPU.ActiveCfg = Release|Any CPU
		{6E7EF12C-EDB2-4C50-AA13-5E64199DA8C2}.Release|Any CPU.Build.0 = Release|Any CPU
	EndGlobalSection
	GlobalSection(SolutionProperties) = preSolution
		HideSolutionNode = FALSE
	EndGlobalSection
	GlobalSection(ExtensibilityGlobals) = postSolution
		SolutionGuid = {C6E19EE4-CBB0-4261-A55D-8D0A5229A213}
	EndGlobalSection
EndGlobal
